
Microsoft Visual Studio Solution File, Format Version 12.00
# Visual Studio 15
VisualStudioVersion = 15.0.28307.1000
MinimumVisualStudioVersion = 10.0.40219.1
Project("{FAE04EC0-301F-11D3-BF4B-00C04F79EFBC}") = "Permutasyon", "Permutasyon\Permutasyon.csproj", "{D23F1A85-06F3-4E1C-A7B1-9FBF8632FE5F}"
EndProject
Global
	GlobalSection(SolutionConfigurationPlatforms) = preSolution
		Debug|Any CPU = Debug|Any CPU
		Release|Any CPU = Release|Any CPU
	EndGlobalSection
	GlobalSection(ProjectConfigurationPlatforms) = postSolution
		{D23F1A85-06F3-4E1C-A7B1-9FBF8632FE5F}.Debug|Any CPU.ActiveCfg = Debug|Any CPU
		{D23F1A85-06F3-4E1C-A7B1-9FBF8632FE5F}.Debug|Any CPU.Build.0 = Debug|Any CPU
		{D23F1A85-06F3-4E1C-A7B1-9FBF8632FE5F}.Release|Any CPU.ActiveCfg = Release|Any CPU
		{D23F1A85-06F3-4E1C-A7B1-9FBF8632FE5F}.Release|Any CPU.Build.0 = Release|Any CPU
	EndGlobalSection
	GlobalSection(SolutionProperties) = preSolution
		HideSolutionNode = FALSE
	EndGlobalSection
	GlobalSection(ExtensibilityGlobals) = postSolution
		SolutionGuid = {0F0BE391-A45C-4314-9037-49B571B411DA}
	EndGlobalSection
EndGlobal
