
Microsoft Visual Studio Solution File, Format Version 12.00
# Visual Studio 15
VisualStudioVersion = 15.0.28307.1000
MinimumVisualStudioVersion = 10.0.40219.1
Project("{FAE04EC0-301F-11D3-BF4B-00C04F79EFBC}") = "BasitRastgeleOrnekleme", "BasitRastgeleOrnekleme\BasitRastgeleOrnekleme.csproj", "{47933BC8-72A9-41B8-9126-9C9CB48BB573}"
EndProject
Global
	GlobalSection(SolutionConfigurationPlatforms) = preSolution
		Debug|Any CPU = Debug|Any CPU
		Release|Any CPU = Release|Any CPU
	EndGlobalSection
	GlobalSection(ProjectConfigurationPlatforms) = postSolution
		{47933BC8-72A9-41B8-9126-9C9CB48BB573}.Debug|Any CPU.ActiveCfg = Debug|Any CPU
		{47933BC8-72A9-41B8-9126-9C9CB48BB573}.Debug|Any CPU.Build.0 = Debug|Any CPU
		{47933BC8-72A9-41B8-9126-9C9CB48BB573}.Release|Any CPU.ActiveCfg = Release|Any CPU
		{47933BC8-72A9-41B8-9126-9C9CB48BB573}.Release|Any CPU.Build.0 = Release|Any CPU
	EndGlobalSection
	GlobalSection(SolutionProperties) = preSolution
		HideSolutionNode = FALSE
	EndGlobalSection
	GlobalSection(ExtensibilityGlobals) = postSolution
		SolutionGuid = {A9BCA1C8-1C3F-4ABC-B64F-76C5BE1EDFE1}
	EndGlobalSection
EndGlobal
